- name: Check if msp exists
  stat:
    path: "{{ playbook_dir }}/{{ bld_msp_config_name }}/crypto-config"
  register: msp_exists

- name: Error - no msp
  fail:
    msg: crypto-config is not exists
  when: not msp_exists.stat.exists

- name: set configtx.yaml
  template:
    src: configtx.yaml.jinja
    dest: "{{ playbook_dir }}/{{ bld_msp_config_name }}/configtx.yaml"

- name: generate genesisblock
  shell : bin/configtxgen -profile SampleProfile -outputBlock genesis.block -channelID syschannel
  args:
    chdir: "{{ playbook_dir }}/{{ bld_msp_config_name }}"